
Microsoft Visual Studio Solution File, Format Version 12.00
# Visual Studio Version 17
VisualStudioVersion = 17.4.33205.214
MinimumVisualStudioVersion = 10.0.40219.1
Project("{FAE04EC0-301F-11D3-BF4B-00C04F79EFBC}") = "ALTATest", "ALTATest\ALTATest.csproj", "{7BF7A3D7-F4ED-4CC1-A5D0-438D9EDB9F27}"
EndProject
Global
	GlobalSection(SolutionConfigurationPlatforms) = preSolution
		Debug|Any CPU = Debug|Any CPU
		Release|Any CPU = Release|Any CPU
	EndGlobalSection
	GlobalSection(ProjectConfigurationPlatforms) = postSolution
		{7BF7A3D7-F4ED-4CC1-A5D0-438D9EDB9F27}.Debug|Any CPU.ActiveCfg = Debug|Any CPU
		{7BF7A3D7-F4ED-4CC1-A5D0-438D9EDB9F27}.Debug|Any CPU.Build.0 = Debug|Any CPU
		{7BF7A3D7-F4ED-4CC1-A5D0-438D9EDB9F27}.Release|Any CPU.ActiveCfg = Release|Any CPU
		{7BF7A3D7-F4ED-4CC1-A5D0-438D9EDB9F27}.Release|Any CPU.Build.0 = Release|Any CPU
	EndGlobalSection
	GlobalSection(SolutionProperties) = preSolution
		HideSolutionNode = FALSE
	EndGlobalSection
	GlobalSection(ExtensibilityGlobals) = postSolution
		SolutionGuid = {B7E43479-22FA-4CD9-91EE-7551BA280339}
	EndGlobalSection
EndGlobal
